# THIS IS AN AUTOGENERATED FILE. DO NOT EDIT THIS FILE DIRECTLY.
# yarn lockfile v1


"@next/env@13.4.5-canary.2":
  version "13.4.5-canary.2"
  resolved "https://registry.yarnpkg.com/@next/env/-/env-13.4.5-canary.2.tgz#7eb78c907eec458dc0edcd6dc509c78758182f2d"
  integrity sha512-a3z9/6k37730bAMiJRTJ2+zGPBZc4ROYFY6LISAmNT7dNfcuSF5xML6jcnMqP38DsIjnFDeSqJmcvY374gj8Yw==

"@next/swc-darwin-arm64@13.4.5-canary.2":
  version "13.4.5-canary.2"
  resolved "https://registry.yarnpkg.com/@next/swc-darwin-arm64/-/swc-darwin-arm64-13.4.5-canary.2.tgz#133d9de9eb894d9af4fe36caa3be0b094ebc0cf5"
  integrity sha512-pqYPb2FGsT/srfiDIIaAQM1RbPuylVyfXifHYkzzFfsVbvyRU9O2TvWhgsK977v8DJiVEXJS9Y2zIlgvKVNQZQ==

"@next/swc-darwin-x64@13.4.5-canary.2":
  version "13.4.5-canary.2"
  resolved "https://registry.yarnpkg.com/@next/swc-darwin-x64/-/swc-darwin-x64-13.4.5-canary.2.tgz#3955d1c7b3d3369c59e7c563190d71226e423454"
  integrity sha512-ZN910CRsKMNIJ2hFSQL1Lk7KDFZ+xz5kTfIBMG0IbApS3J8ayQXxMfVP17GchZbfPTyxI6Cnozo0Wz55/cjBrg==

"@next/swc-linux-arm64-gnu@13.4.5-canary.2":
  version "13.4.5-canary.2"
  resolved "https://registry.yarnpkg.com/@next/swc-linux-arm64-gnu/-/swc-linux-arm64-gnu-13.4.5-canary.2.tgz#161f4bca3e47f64dfb6be2373e78139597135f73"
  integrity sha512-IrXHRkDkBJUzZpVcYsez5oZpbcrbzJ6UNbXyL4UNFdIauOLv5JBjAKqUvnF+x5mq7o58+GD6NB+uA20uJVurng==

"@next/swc-linux-arm64-musl@13.4.5-canary.2":
  version "13.4.5-canary.2"
  resolved "https://registry.yarnpkg.com/@next/swc-linux-arm64-musl/-/swc-linux-arm64-musl-13.4.5-canary.2.tgz#c4d247590a5db458f64b8ae505d1dfa543f73028"
  integrity sha512-B7ZY3fg9Ng0Eh7KKpv6siRI6yrrsuJBOCgVZmnWvtMuWI1jkyIwydVaRXAS8OlefimaOQ1LUJ1aWkqzTaGQscw==

"@next/swc-linux-x64-gnu@13.4.5-canary.2":
  version "13.4.5-canary.2"
  resolved "https://registry.yarnpkg.com/@next/swc-linux-x64-gnu/-/swc-linux-x64-gnu-13.4.5-canary.2.tgz#70c426f1901eb8b137ab4a7f3edebcb6bda487b4"
  integrity sha512-I9zd9nrgn6Dv5tF8s81YeDqagoil6u4Ul1TLV+aCibpf7QFtl1z1ebGbKHRY3czY0WEH5JpmjgwZE08uV4C/rQ==

"@next/swc-linux-x64-musl@13.4.5-canary.2":
  version "13.4.5-canary.2"
  resolved "https://registry.yarnpkg.com/@next/swc-linux-x64-musl/-/swc-linux-x64-musl-13.4.5-canary.2.tgz#b7f757f11228aadc22601b2148ea2b0747430f85"
  integrity sha512-XkWxdLyG4boqtBX3POx20UZ5IIfdzMjn5nGsYwhTlDs4UohyzEOVZTBMkNKDxisJJH9zZO3w0lZT/aZx8CHZ+A==

"@next/swc-win32-arm64-msvc@13.4.5-canary.2":
  version "13.4.5-canary.2"
  resolved "https://registry.yarnpkg.com/@next/swc-win32-arm64-msvc/-/swc-win32-arm64-msvc-13.4.5-canary.2.tgz#79b53829e1d42876e50453f50ad8d81265d07672"
  integrity sha512-hMVjxzrJ739aF2I88pLkufO9+6095SFsccfHJObTxWW9s6WRioKtui28OvBSNhdF7umdAIzMaDrGRNzJVgqyhw==

"@next/swc-win32-ia32-msvc@13.4.5-canary.2":
  version "13.4.5-canary.2"
  resolved "https://registry.yarnpkg.com/@next/swc-win32-ia32-msvc/-/swc-win32-ia32-msvc-13.4.5-canary.2.tgz#e1beb6df0122e65c8bb16ffb2900cdec72cfda55"
  integrity sha512-aYy7iswqT0jQrsaTBgOU7rxx9Qyn58w31Edgmh/xabm4I+sprLua/AvqwApqkvz847nIzMRvRpyjOEg1tXVMNQ==

"@next/swc-win32-x64-msvc@13.4.5-canary.2":
  version "13.4.5-canary.2"
  resolved "https://registry.yarnpkg.com/@next/swc-win32-x64-msvc/-/swc-win32-x64-msvc-13.4.5-canary.2.tgz#e01c5adb02efa90dd6840dbf78b175d1d649acab"
  integrity sha512-zOyjxW/fHuwUXDzU1AHKwwi+8Bf5uwLHYNNxoYTHzQPMNx3nHtwWSznI835NOSQay+7JcQIDX5goMj58zIeXkw==

"@swc/helpers@0.5.1":
  version "0.5.1"
  resolved "https://registry.yarnpkg.com/@swc/helpers/-/helpers-0.5.1.tgz#e9031491aa3f26bfcc974a67f48bd456c8a5357a"
  integrity sha512-sJ902EfIzn1Fa+qYmjdQqh8tPsoxyBz+8yBKC2HKUxyezKJFwPGOn7pv4WY6QuQW//ySQi5lJjA/ZT9sNWWNTg==
  dependencies:
    tslib "^2.4.0"

"@types/node@^18.11.13":
  version "18.16.16"
  resolved "https://registry.yarnpkg.com/@types/node/-/node-18.16.16.tgz#3b64862856c7874ccf7439e6bab872d245c86d8e"
  integrity sha512-NpaM49IGQQAUlBhHMF82QH80J08os4ZmyF9MkpCzWAGuOHqE4gTEbhzd7L3l5LmWuZ6E0OiC1FweQ4tsiW35+g==

"@types/prop-types@*":
  version "15.7.5"
  resolved "https://registry.yarnpkg.com/@types/prop-types/-/prop-types-15.7.5.tgz#5f19d2b85a98e9558036f6a3cacc8819420f05cf"
  integrity sha512-JCB8C6SnDoQf0cNycqd/35A7MjcnK+ZTqE7judS6o7utxUCg6imJg3QK2qzHKszlTjcj2cn+NwMB2i96ubpj7w==

"@types/react@^18.0.26":
  version "18.2.7"
  resolved "https://registry.yarnpkg.com/@types/react/-/react-18.2.7.tgz#dfb4518042a3117a045b8c222316f83414a783b3"
  integrity sha512-ojrXpSH2XFCmHm7Jy3q44nXDyN54+EYKP2lBhJ2bqfyPj6cIUW/FZW/Csdia34NQgq7KYcAlHi5184m4X88+yw==
  dependencies:
    "@types/prop-types" "*"
    "@types/scheduler" "*"
    csstype "^3.0.2"

"@types/scheduler@*":
  version "0.16.3"
  resolved "https://registry.yarnpkg.com/@types/scheduler/-/scheduler-0.16.3.tgz#cef09e3ec9af1d63d2a6cc5b383a737e24e6dcf5"
  integrity sha512-5cJ8CB4yAx7BH1oMvdU0Jh9lrEXyPkar6F9G/ERswkCuvP4KQZfZkSjcMbAICCpQTN4OuZn8tz0HiKv9TGZgrQ==

busboy@1.6.0:
  version "1.6.0"
  resolved "https://registry.yarnpkg.com/busboy/-/busboy-1.6.0.tgz#966ea36a9502e43cdb9146962523b92f531f6893"
  integrity sha512-8SFQbg/0hQ9xy3UNTB0YEnsNBbWfhf7RtnzpL7TkBiTBRfrQ9Fxcnz7VJsleJpyp6rVLvXiuORqjlHi5q+PYuA==
  dependencies:
    streamsearch "^1.1.0"

caniuse-lite@^1.0.30001406:
  version "1.0.30001491"
  resolved "https://registry.yarnpkg.com/caniuse-lite/-/caniuse-lite-1.0.30001491.tgz#eab0e0f392de6f7411751d148de9b5bd6b203e46"
  integrity sha512-17EYIi4TLnPiTzVKMveIxU5ETlxbSO3B6iPvMbprqnKh4qJsQGk5Nh1Lp4jIMAE0XfrujsJuWZAM3oJdMHaKBA==

client-only@0.0.1:
  version "0.0.1"
  resolved "https://registry.yarnpkg.com/client-only/-/client-only-0.0.1.tgz#38bba5d403c41ab150bff64a95c85013cf73bca1"
  integrity sha512-IV3Ou0jSMzZrd3pZ48nLkT9DA7Ag1pnPzaiQhpW7c3RbcqqzvzzVu+L8gfqMp/8IM2MQtSiqaCxrrcfu8I8rMA==

csstype@^3.0.2:
  version "3.1.2"
  resolved "https://registry.yarnpkg.com/csstype/-/csstype-3.1.2.tgz#1d4bf9d572f11c14031f0436e1c10bc1f571f50b"
  integrity sha512-I7K1Uu0MBPzaFKg4nI5Q7Vs2t+3gWWW648spaF+Rg7pI9ds18Ugn+lvg4SHczUdKlHI5LWBXyqfS8+DufyBsgQ==

"js-tokens@^3.0.0 || ^4.0.0":
  version "4.0.0"
  resolved "https://registry.yarnpkg.com/js-tokens/-/js-tokens-4.0.0.tgz#19203fb59991df98e3a287050d4647cdeaf32499"
  integrity sha512-RdJUflcE3cUzKiMqQgsCu06FPu9UdIJO0beYbPhHN4k6apgJtifcoCtT9bcxOpYBtpD2kCM6Sbzg4CausW/PKQ==

loose-envify@^1.1.0:
  version "1.4.0"
  resolved "https://registry.yarnpkg.com/loose-envify/-/loose-envify-1.4.0.tgz#71ee51fa7be4caec1a63839f7e682d8132d30caf"
  integrity sha512-lyuxPGr/Wfhrlem2CL/UcnUc1zcqKAImBDzukY7Y5F/yQiNdko6+fRLevlw1HgMySw7f611UIY408EtxRSoK3Q==
  dependencies:
    js-tokens "^3.0.0 || ^4.0.0"

nanoid@^3.3.4:
  version "3.3.6"
  resolved "https://registry.yarnpkg.com/nanoid/-/nanoid-3.3.6.tgz#443380c856d6e9f9824267d960b4236ad583ea4c"
  integrity sha512-BGcqMMJuToF7i1rt+2PWSNVnWIkGCU78jBG3RxO/bZlnZPK2Cmi2QaffxGO/2RvWi9sL+FAiRiXMgsyxQ1DIDA==

next@^13.4.5-canary.2:
  version "13.4.5-canary.2"
  resolved "https://registry.yarnpkg.com/next/-/next-13.4.5-canary.2.tgz#cfd7726539794b5274711e8572c1710df08f4836"
  integrity sha512-mcUWP0rqWv+Fq1pJBnrBhntm9WoRVJt+ONt5RzkBBBfZNBHqa4NQKBmU5GQEoQRoXOHWhpEl6a5R9rISr08msQ==
  dependencies:
    "@next/env" "13.4.5-canary.2"
    "@swc/helpers" "0.5.1"
    busboy "1.6.0"
    caniuse-lite "^1.0.30001406"
    postcss "8.4.14"
    styled-jsx "5.1.1"
    zod "3.21.4"
  optionalDependencies:
    "@next/swc-darwin-arm64" "13.4.5-canary.2"
    "@next/swc-darwin-x64" "13.4.5-canary.2"
    "@next/swc-linux-arm64-gnu" "13.4.5-canary.2"
    "@next/swc-linux-arm64-musl" "13.4.5-canary.2"
    "@next/swc-linux-x64-gnu" "13.4.5-canary.2"
    "@next/swc-linux-x64-musl" "13.4.5-canary.2"
    "@next/swc-win32-arm64-msvc" "13.4.5-canary.2"
    "@next/swc-win32-ia32-msvc" "13.4.5-canary.2"
    "@next/swc-win32-x64-msvc" "13.4.5-canary.2"

picocolors@^1.0.0:
  version "1.0.0"
  resolved "https://registry.yarnpkg.com/picocolors/-/picocolors-1.0.0.tgz#cb5bdc74ff3f51892236eaf79d68bc44564ab81c"
  integrity sha512-1fygroTLlHu66zi26VoTDv8yRgm0Fccecssto+MhsZ0D/DGW2sm8E8AjW7NU5VVTRt5GxbeZ5qBuJr+HyLYkjQ==

postcss@8.4.14:
  version "8.4.14"
  resolved "https://registry.yarnpkg.com/postcss/-/postcss-8.4.14.tgz#ee9274d5622b4858c1007a74d76e42e56fd21caf"
  integrity sha512-E398TUmfAYFPBSdzgeieK2Y1+1cpdxJx8yXbK/m57nRhKSmk1GB2tO4lbLBtlkfPQTDKfe4Xqv1ASWPpayPEig==
  dependencies:
    nanoid "^3.3.4"
    picocolors "^1.0.0"
    source-map-js "^1.0.2"

react-dom@^18.2.0:
  version "18.2.0"
  resolved "https://registry.yarnpkg.com/react-dom/-/react-dom-18.2.0.tgz#22aaf38708db2674ed9ada224ca4aa708d821e3d"
  integrity sha512-6IMTriUmvsjHUjNtEDudZfuDQUoWXVxKHhlEGSk81n4YFS+r/Kl99wXiwlVXtPBtJenozv2P+hxDsw9eA7Xo6g==
  dependencies:
    loose-envify "^1.1.0"
    scheduler "^0.23.0"

react@^18.2.0:
  version "18.2.0"
  resolved "https://registry.yarnpkg.com/react/-/react-18.2.0.tgz#555bd98592883255fa00de14f1151a917b5d77d5"
  integrity sha512-/3IjMdb2L9QbBdWiW5e3P2/npwMBaU9mHCSCUzNln0ZCYbcfTsGbTJrU/kGemdH2IWmB2ioZ+zkxtmq6g09fGQ==
  dependencies:
    loose-envify "^1.1.0"

scheduler@^0.23.0:
  version "0.23.0"
  resolved "https://registry.yarnpkg.com/scheduler/-/scheduler-0.23.0.tgz#ba8041afc3d30eb206a487b6b384002e4e61fdfe"
  integrity sha512-CtuThmgHNg7zIZWAXi3AsyIzA3n4xx7aNyjwC2VJldO2LMVDhFK+63xGqq6CsJH4rTAt6/M+N4GhZiDYPx9eUw==
  dependencies:
    loose-envify "^1.1.0"

source-map-js@^1.0.2:
  version "1.0.2"
  resolved "https://registry.yarnpkg.com/source-map-js/-/source-map-js-1.0.2.tgz#adbc361d9c62df380125e7f161f71c826f1e490c"
  integrity sha512-R0XvVJ9WusLiqTCEiGCmICCMplcCkIwwR11mOSD9CR5u+IXYdiseeEuXCVAjS54zqwkLcPNnmU4OeJ6tUrWhDw==

streamsearch@^1.1.0:
  version "1.1.0"
  resolved "https://registry.yarnpkg.com/streamsearch/-/streamsearch-1.1.0.tgz#404dd1e2247ca94af554e841a8ef0eaa238da764"
  integrity sha512-Mcc5wHehp9aXz1ax6bZUyY5afg9u2rv5cqQI3mRrYkGC8rW2hM02jWuwjtL++LS5qinSyhj2QfLyNsuc+VsExg==

styled-jsx@5.1.1:
  version "5.1.1"
  resolved "https://registry.yarnpkg.com/styled-jsx/-/styled-jsx-5.1.1.tgz#839a1c3aaacc4e735fed0781b8619ea5d0009d1f"
  integrity sha512-pW7uC1l4mBZ8ugbiZrcIsiIvVx1UmTfw7UkC3Um2tmfUq9Bhk8IiyEIPl6F8agHgjzku6j0xQEZbfA5uSgSaCw==
  dependencies:
    client-only "0.0.1"

tslib@^2.4.0:
  version "2.5.2"
  resolved "https://registry.yarnpkg.com/tslib/-/tslib-2.5.2.tgz#1b6f07185c881557b0ffa84b111a0106989e8338"
  integrity sha512-5svOrSA2w3iGFDs1HibEVBGbDrAY82bFQ3HZ3ixB+88nsbsWQoKqDRb5UBYAUPEzbBn6dAp5gRNXglySbx1MlA==

typescript@^4.9.4:
  version "4.9.5"
  resolved "https://registry.yarnpkg.com/typescript/-/typescript-4.9.5.tgz#095979f9bcc0d09da324d58d03ce8f8374cbe65a"
  integrity sha512-1FXk9E2Hm+QzZQ7z+McJiHL4NW1F2EzMu9Nq9i3zAaGqibafqYwCVU6WyWAuyQRRzOlxou8xZSyXLEN8oKj24g==

zod@3.21.4:
  version "3.21.4"
  resolved "https://registry.yarnpkg.com/zod/-/zod-3.21.4.tgz#10882231d992519f0a10b5dd58a38c9dabbb64db"
  integrity sha512-m46AKbrzKVzOzs/DZgVnG5H55N1sv1M8qZU3A8RIKbs3mrACDNeIOeilDymVb2HdmP8uwshOCF4uJ8uM9rCqJw==
